
Microsoft Visual Studio Solution File, Format Version 12.00
# Visual Studio Version 17
VisualStudioVersion = 17.8.34330.188
MinimumVisualStudioVersion = 10.0.40219.1
Project("{FAE04EC0-301F-11D3-BF4B-00C04F79EFBC}") = "WebApplication25", "WebApplication25\WebApplication25.csproj", "{2A55E7CA-1C3B-459C-AF11-A749CF98801A}"
EndProject
Global
	GlobalSection(SolutionConfigurationPlatforms) = preSolution
		Debug|Any CPU = Debug|Any CPU
		Release|Any CPU = Release|Any CPU
	EndGlobalSection
	GlobalSection(ProjectConfigurationPlatforms) = postSolution
		{2A55E7CA-1C3B-459C-AF11-A749CF98801A}.Debug|Any CPU.ActiveCfg = Debug|Any CPU
		{2A55E7CA-1C3B-459C-AF11-A749CF98801A}.Debug|Any CPU.Build.0 = Debug|Any CPU
		{2A55E7CA-1C3B-459C-AF11-A749CF98801A}.Release|Any CPU.ActiveCfg = Release|Any CPU
		{2A55E7CA-1C3B-459C-AF11-A749CF98801A}.Release|Any CPU.Build.0 = Release|Any CPU
	EndGlobalSection
	GlobalSection(SolutionProperties) = preSolution
		HideSolutionNode = FALSE
	EndGlobalSection
	GlobalSection(ExtensibilityGlobals) = postSolution
		SolutionGuid = {4AAA1CFD-574E-4F93-A95B-CDED395EE24E}
	EndGlobalSection
EndGlobal
